
Microsoft Visual Studio Solution File, Format Version 12.00
# Visual Studio Version 17
VisualStudioVersion = 17.2.32526.322
MinimumVisualStudioVersion = 10.0.40219.1
Project("{FAE04EC0-301F-11D3-BF4B-00C04F79EFBC}") = "Poblacion", "Curso_Ecuaciones_Diferenciales\Poblacion.csproj", "{C488ABE2-3A97-43A6-A592-43F181ED289D}"
EndProject
Global
	GlobalSection(SolutionConfigurationPlatforms) = preSolution
		Debug|Any CPU = Debug|Any CPU
		Release|Any CPU = Release|Any CPU
	EndGlobalSection
	GlobalSection(ProjectConfigurationPlatforms) = postSolution
		{C488ABE2-3A97-43A6-A592-43F181ED289D}.Debug|Any CPU.ActiveCfg = Debug|Any CPU
		{C488ABE2-3A97-43A6-A592-43F181ED289D}.Debug|Any CPU.Build.0 = Debug|Any CPU
		{C488ABE2-3A97-43A6-A592-43F181ED289D}.Release|Any CPU.ActiveCfg = Release|Any CPU
		{C488ABE2-3A97-43A6-A592-43F181ED289D}.Release|Any CPU.Build.0 = Release|Any CPU
	EndGlobalSection
	GlobalSection(SolutionProperties) = preSolution
		HideSolutionNode = FALSE
	EndGlobalSection
	GlobalSection(ExtensibilityGlobals) = postSolution
		SolutionGuid = {F45C071A-1F26-4168-B155-75D94D43CD6C}
	EndGlobalSection
EndGlobal
